
Microsoft Visual Studio Solution File, Format Version 12.00
# Visual Studio 15
VisualStudioVersion = 15.0.28307.329
MinimumVisualStudioVersion = 10.0.40219.1
Project("{8BC9CEB8-8B4A-11D0-8D11-00A0C91BC942}") = "JavaKiller", "JavaKiller\JavaKiller.vcxproj", "{7519305D-ADEA-442F-9C27-1B9BDC766356}"
EndProject
Project("{2150E333-8FDC-42A3-9474-1A3956D46DE8}") = "Solution Items", "Solution Items", "{7F90FF2F-F9F5-4A91-9FC6-4A344D92CB65}"
EndProject
Global
	GlobalSection(SolutionConfigurationPlatforms) = preSolution
		Debug|x64 = Debug|x64
		Debug|x86 = Debug|x86
		Release|x64 = Release|x64
		Release|x86 = Release|x86
	EndGlobalSection
	GlobalSection(ProjectConfigurationPlatforms) = postSolution
		{7519305D-ADEA-442F-9C27-1B9BDC766356}.Debug|x64.ActiveCfg = Debug|x64
		{7519305D-ADEA-442F-9C27-1B9BDC766356}.Debug|x64.Build.0 = Debug|x64
		{7519305D-ADEA-442F-9C27-1B9BDC766356}.Debug|x86.ActiveCfg = Debug|Win32
		{7519305D-ADEA-442F-9C27-1B9BDC766356}.Debug|x86.Build.0 = Debug|Win32
		{7519305D-ADEA-442F-9C27-1B9BDC766356}.Release|x64.ActiveCfg = Release|x64
		{7519305D-ADEA-442F-9C27-1B9BDC766356}.Release|x64.Build.0 = Release|x64
		{7519305D-ADEA-442F-9C27-1B9BDC766356}.Release|x86.ActiveCfg = Release|Win32
		{7519305D-ADEA-442F-9C27-1B9BDC766356}.Release|x86.Build.0 = Release|Win32
	EndGlobalSection
	GlobalSection(SolutionProperties) = preSolution
		HideSolutionNode = FALSE
	EndGlobalSection
	GlobalSection(ExtensibilityGlobals) = postSolution
		SolutionGuid = {B99CCCE1-5388-4DBE-8E3A-CB41F2D93474}
	EndGlobalSection
EndGlobal
